
Microsoft Visual Studio Solution File, Format Version 12.00
# Visual Studio 15
VisualStudioVersion = 15.0.28307.168
MinimumVisualStudioVersion = 10.0.40219.1
Project("{9A19103F-16F7-4668-BE54-9A1E7A4F7556}") = "ent", "ent\ent.csproj", "{CE39A051-F654-4902-AD02-48CA469CB49F}"
	ProjectSection(ProjectDependencies) = postProject
		{0E46EE7D-A1DA-41B0-9425-ADC3B7650879} = {0E46EE7D-A1DA-41B0-9425-ADC3B7650879}
	EndProjectSection
EndProject
Project("{9A19103F-16F7-4668-BE54-9A1E7A4F7556}") = "enlib", "enlib\enlib.csproj", "{0E46EE7D-A1DA-41B0-9425-ADC3B7650879}"
EndProject
Project("{9A19103F-16F7-4668-BE54-9A1E7A4F7556}") = "entpl", "entpl\entpl.csproj", "{A524D8B2-623B-4FD6-A376-99A16F1A2F48}"
EndProject
Project("{2150E333-8FDC-42A3-9474-1A3956D46DE8}") = "Templates", "Templates", "{41658A5F-5A8F-490C-822B-22B5137C59F4}"
EndProject
Project("{2150E333-8FDC-42A3-9474-1A3956D46DE8}") = "Package", "Package", "{5F56E798-9B29-4C55-9D63-11D347CC1C45}"
EndProject
Project("{9A19103F-16F7-4668-BE54-9A1E7A4F7556}") = "empty", "Templates\empty\empty.csproj", "{626002E8-0408-4FBE-A249-FA9AE297B669}"
	ProjectSection(ProjectDependencies) = postProject
		{0E46EE7D-A1DA-41B0-9425-ADC3B7650879} = {0E46EE7D-A1DA-41B0-9425-ADC3B7650879}
	EndProjectSection
EndProject
Project("{9A19103F-16F7-4668-BE54-9A1E7A4F7556}") = "enlib.tpl.Empty", "Templates\Package\enlib.tpl.Empty\enlib.tpl.Empty.csproj", "{F8C3E15F-11E9-4576-85C7-26A55149FCB8}"
EndProject
Project("{2150E333-8FDC-42A3-9474-1A3956D46DE8}") = "common", "common", "{A790E5DD-C2A4-4CA2-BEE9-28AB11543862}"
	ProjectSection(SolutionItems) = preProject
		common\nuget_cache_clear.bat = common\nuget_cache_clear.bat
		common\nuget_cache_clear.sh = common\nuget_cache_clear.sh
		common\nuget_cache_clear.targets = common\nuget_cache_clear.targets
		common\productInfo.targets = common\productInfo.targets
		common\README.md = common\README.md
		common\template.targets = common\template.targets
	EndProjectSection
EndProject
Global
	GlobalSection(SolutionConfigurationPlatforms) = preSolution
		Debug|Any CPU = Debug|Any CPU
		Release|Any CPU = Release|Any CPU
	EndGlobalSection
	GlobalSection(ProjectConfigurationPlatforms) = postSolution
		{CE39A051-F654-4902-AD02-48CA469CB49F}.Debug|Any CPU.ActiveCfg = Debug|Any CPU
		{CE39A051-F654-4902-AD02-48CA469CB49F}.Debug|Any CPU.Build.0 = Debug|Any CPU
		{CE39A051-F654-4902-AD02-48CA469CB49F}.Release|Any CPU.ActiveCfg = Release|Any CPU
		{CE39A051-F654-4902-AD02-48CA469CB49F}.Release|Any CPU.Build.0 = Release|Any CPU
		{0E46EE7D-A1DA-41B0-9425-ADC3B7650879}.Debug|Any CPU.ActiveCfg = Debug|Any CPU
		{0E46EE7D-A1DA-41B0-9425-ADC3B7650879}.Debug|Any CPU.Build.0 = Debug|Any CPU
		{0E46EE7D-A1DA-41B0-9425-ADC3B7650879}.Release|Any CPU.ActiveCfg = Release|Any CPU
		{0E46EE7D-A1DA-41B0-9425-ADC3B7650879}.Release|Any CPU.Build.0 = Release|Any CPU
		{A524D8B2-623B-4FD6-A376-99A16F1A2F48}.Debug|Any CPU.ActiveCfg = Debug|Any CPU
		{A524D8B2-623B-4FD6-A376-99A16F1A2F48}.Release|Any CPU.ActiveCfg = Release|Any CPU
		{A524D8B2-623B-4FD6-A376-99A16F1A2F48}.Release|Any CPU.Build.0 = Release|Any CPU
		{626002E8-0408-4FBE-A249-FA9AE297B669}.Debug|Any CPU.ActiveCfg = Debug|Any CPU
		{626002E8-0408-4FBE-A249-FA9AE297B669}.Release|Any CPU.ActiveCfg = Release|Any CPU
		{626002E8-0408-4FBE-A249-FA9AE297B669}.Release|Any CPU.Build.0 = Release|Any CPU
		{F8C3E15F-11E9-4576-85C7-26A55149FCB8}.Debug|Any CPU.ActiveCfg = Debug|Any CPU
		{F8C3E15F-11E9-4576-85C7-26A55149FCB8}.Debug|Any CPU.Build.0 = Debug|Any CPU
		{F8C3E15F-11E9-4576-85C7-26A55149FCB8}.Release|Any CPU.ActiveCfg = Release|Any CPU
		{F8C3E15F-11E9-4576-85C7-26A55149FCB8}.Release|Any CPU.Build.0 = Release|Any CPU
	EndGlobalSection
	GlobalSection(SolutionProperties) = preSolution
		HideSolutionNode = FALSE
	EndGlobalSection
	GlobalSection(NestedProjects) = preSolution
		{5F56E798-9B29-4C55-9D63-11D347CC1C45} = {41658A5F-5A8F-490C-822B-22B5137C59F4}
		{626002E8-0408-4FBE-A249-FA9AE297B669} = {41658A5F-5A8F-490C-822B-22B5137C59F4}
		{F8C3E15F-11E9-4576-85C7-26A55149FCB8} = {5F56E798-9B29-4C55-9D63-11D347CC1C45}
	EndGlobalSection
	GlobalSection(ExtensibilityGlobals) = postSolution
		SolutionGuid = {E058FA2D-BE53-4F33-95B3-C6F13A1E6989}
	EndGlobalSection
EndGlobal
